{
  "version": 4,
  "terraform_version": "1.4.1",
  "serial": 24,
  "lineage": "2f28af4e-5e89-25e6-58d3-2d96161522a8",
  "outputs": {
    "private_ip": {
      "value": "12.2.1.4",
      "type": "string"
    },
    "public_addresses": {
      "value": "20.125.137.61",
      "type": "string"
    },
    "rg_ip": {
      "value": "20.125.137.61",
      "type": "string"
    }
  },
  "resources": [
    {
      "mode": "managed",
      "type": "azurerm_linux_virtual_machine",
      "name": "vm",
      "provider": "provider[\"registry.terraform.io/hashicorp/azurerm\"]",
      "instances": [
        {
          "schema_version": 0,
          "attributes": {
            "additional_capabilities": [],
            "admin_password": "P@dmini123",
            "admin_ssh_key": [
              {
                "public_key": "ssh-rsa AAAAB3NzaC1yc2EAAAADAQABAAABgQC5T/hvqzORCjfkipIcpvfGH4GKJqLwDJ61ICCpwX7MaQiDc/5+3zX8kka5yxCOWnlvW3MQLVABh9ed/40L9Dr6WbC572yhcuj5cYLU8ks7Wt+LlkmiiqvqA0My9QpKGKy1PG2M4Onv9aIamuHRSTltwfRLF/0phJ8lezp2KervL+Sr9Dqyr039d2KtKM1OH/s5uT4GCsdaoeLXst6E13FbuJIACXz0Mn+TSJzLW05gPoL2upU2ry2ldjRahKx+247AoVzfZvObDB4NjE5eCS6A93eLOmxoj0mW5LVfhJGn24PcIj4f1zlbnI8Lat3Gi0Ay8l1TxzmDOqxJhs9yF2aA9vg6D2XYKEinxjSouHbL1dZn5tlyjjC2liJ2ax3NXN8PIbuwNavJRZ/HT/5S0TWr+GVAxy0xSXXGPYKSiyEaYQF9swZZLSDKcsjyjkfesdVG8P8uE6LyIu8u2IEbuvWcgLPzqx8X9s5T1AfmsDyMKKU08NvSlv7H8AfNnqRENwc= codespace@codespaces-e1a3a5\n",
                "username": "krreesh"
              }
            ],
            "admin_username": "krreesh",
            "allow_extension_operations": true,
            "availability_set_id": "",
            "boot_diagnostics": [],
            "capacity_reservation_group_id": "",
            "computer_name": "myserver",
            "custom_data": null,
            "dedicated_host_group_id": "",
            "dedicated_host_id": "",
            "disable_password_authentication": true,
            "edge_zone": "",
            "encryption_at_host_enabled": false,
            "eviction_policy": "",
            "extensions_time_budget": "PT1H30M",
            "gallery_application": [],
            "id": "/subscriptions/f299ed0a-a2b0-431f-9a37-51ddd25931e6/resourceGroups/krreesh-east-us-rg/providers/Microsoft.Compute/virtualMachines/myserver",
            "identity": [],
            "license_type": "",
            "location": "westus3",
            "max_bid_price": -1,
            "name": "myserver",
            "network_interface_ids": [
              "/subscriptions/f299ed0a-a2b0-431f-9a37-51ddd25931e6/resourceGroups/krreesh-east-us-rg/providers/Microsoft.Network/networkInterfaces/nic-01-myserver"
            ],
            "os_disk": [
              {
                "caching": "ReadWrite",
                "diff_disk_settings": [],
                "disk_encryption_set_id": "",
                "disk_size_gb": 30,
                "name": "myserver_OsDisk_1_5ee3a822c1134b37a919440843dd6c99",
                "secure_vm_disk_encryption_set_id": "",
                "security_encryption_type": "",
                "storage_account_type": "Standard_LRS",
                "write_accelerator_enabled": false
              }
            ],
            "patch_assessment_mode": "ImageDefault",
            "patch_mode": "ImageDefault",
            "plan": [],
            "platform_fault_domain": -1,
            "priority": "Regular",
            "private_ip_address": "12.2.1.4",
            "private_ip_addresses": [
              "12.2.1.4"
            ],
            "provision_vm_agent": true,
            "proximity_placement_group_id": "",
            "public_ip_address": "20.125.137.61",
            "public_ip_addresses": [
              "20.125.137.61"
            ],
            "resource_group_name": "krreesh-east-us-rg",
            "secret": [],
            "secure_boot_enabled": false,
            "size": "Standard_B1s",
            "source_image_id": "",
            "source_image_reference": [
              {
                "offer": "UbuntuServer",
                "publisher": "Canonical",
                "sku": "18.04-LTS",
                "version": "latest"
              }
            ],
            "tags": {},
            "termination_notification": [],
            "timeouts": null,
            "user_data": "",
            "virtual_machine_id": "cb81cc2d-b190-44cd-af8d-b6d6159a0f75",
            "virtual_machine_scale_set_id": "",
            "vtpm_enabled": false,
            "zone": ""
          },
          "sensitive_attributes": [],
          "private": "eyJlMmJmYjczMC1lY2FhLTExZTYtOGY4OC0zNDM2M2JjN2M0YzAiOnsiY3JlYXRlIjoyNzAwMDAwMDAwMDAwLCJkZWxldGUiOjI3MDAwMDAwMDAwMDAsInJlYWQiOjMwMDAwMDAwMDAwMCwidXBkYXRlIjoyNzAwMDAwMDAwMDAwfX0=",
          "dependencies": [
            "azurerm_network_interface.nic",
            "azurerm_public_ip.public_ip",
            "azurerm_subnet.snet",
            "azurerm_virtual_network.vnet"
          ]
        }
      ]
    },
    {
      "mode": "managed",
      "type": "azurerm_network_interface",
      "name": "nic",
      "provider": "provider[\"registry.terraform.io/hashicorp/azurerm\"]",
      "instances": [
        {
          "schema_version": 0,
          "attributes": {
            "applied_dns_servers": [],
            "dns_servers": [],
            "edge_zone": "",
            "enable_accelerated_networking": false,
            "enable_ip_forwarding": false,
            "id": "/subscriptions/f299ed0a-a2b0-431f-9a37-51ddd25931e6/resourceGroups/krreesh-east-us-rg/providers/Microsoft.Network/networkInterfaces/nic-01-myserver",
            "internal_dns_name_label": "",
            "internal_domain_name_suffix": "uvbidzjttmxehmdew401subwod.phxx.internal.cloudapp.net",
            "ip_configuration": [
              {
                "gateway_load_balancer_frontend_ip_configuration_id": "",
                "name": "niccfg-01-myserver",
                "primary": true,
                "private_ip_address": "12.2.1.4",
                "private_ip_address_allocation": "Dynamic",
                "private_ip_address_version": "IPv4",
                "public_ip_address_id": "/subscriptions/f299ed0a-a2b0-431f-9a37-51ddd25931e6/resourceGroups/krreesh-east-us-rg/providers/Microsoft.Network/publicIPAddresses/acceptanceTestPublicIp1",
                "subnet_id": "/subscriptions/f299ed0a-a2b0-431f-9a37-51ddd25931e6/resourceGroups/krreesh-east-us-rg/providers/Microsoft.Network/virtualNetworks/vnet-dev-westus3-001/subnets/subnet-dev-westus3-001"
              }
            ],
            "location": "westus3",
            "mac_address": "60-45-BD-C7-1F-E2",
            "name": "nic-01-myserver",
            "private_ip_address": "12.2.1.4",
            "private_ip_addresses": [
              "12.2.1.4"
            ],
            "resource_group_name": "krreesh-east-us-rg",
            "tags": {},
            "timeouts": null,
            "virtual_machine_id": "/subscriptions/f299ed0a-a2b0-431f-9a37-51ddd25931e6/resourceGroups/krreesh-east-us-rg/providers/Microsoft.Compute/virtualMachines/myserver"
          },
          "sensitive_attributes": [],
          "private": "eyJlMmJmYjczMC1lY2FhLTExZTYtOGY4OC0zNDM2M2JjN2M0YzAiOnsiY3JlYXRlIjoxODAwMDAwMDAwMDAwLCJkZWxldGUiOjE4MDAwMDAwMDAwMDAsInJlYWQiOjMwMDAwMDAwMDAwMCwidXBkYXRlIjoxODAwMDAwMDAwMDAwfX0=",
          "dependencies": [
            "azurerm_public_ip.public_ip",
            "azurerm_subnet.snet",
            "azurerm_virtual_network.vnet"
          ]
        }
      ]
    },
    {
      "mode": "managed",
      "type": "azurerm_network_security_group",
      "name": "nsg",
      "provider": "provider[\"registry.terraform.io/hashicorp/azurerm\"]",
      "instances": [
        {
          "schema_version": 0,
          "attributes": {
            "id": "/subscriptions/f299ed0a-a2b0-431f-9a37-51ddd25931e6/resourceGroups/krreesh-east-us-rg/providers/Microsoft.Network/networkSecurityGroups/acceptanceTestSecurityGroup1",
            "location": "westus3",
            "name": "acceptanceTestSecurityGroup1",
            "resource_group_name": "krreesh-east-us-rg",
            "security_rule": [
              {
                "access": "Allow",
                "description": "",
                "destination_address_prefix": "*",
                "destination_address_prefixes": [],
                "destination_application_security_group_ids": [],
                "destination_port_range": "22",
                "destination_port_ranges": [],
                "direction": "Inbound",
                "name": "test123",
                "priority": 100,
                "protocol": "Tcp",
                "source_address_prefix": "0.0.0.0/0",
                "source_address_prefixes": [],
                "source_application_security_group_ids": [],
                "source_port_range": "*",
                "source_port_ranges": []
              }
            ],
            "tags": {
              "environment": "Production"
            },
            "timeouts": null
          },
          "sensitive_attributes": [],
          "private": "eyJlMmJmYjczMC1lY2FhLTExZTYtOGY4OC0zNDM2M2JjN2M0YzAiOnsiY3JlYXRlIjoxODAwMDAwMDAwMDAwLCJkZWxldGUiOjE4MDAwMDAwMDAwMDAsInJlYWQiOjMwMDAwMDAwMDAwMCwidXBkYXRlIjoxODAwMDAwMDAwMDAwfX0="
        }
      ]
    },
    {
      "mode": "managed",
      "type": "azurerm_public_ip",
      "name": "public_ip",
      "provider": "provider[\"registry.terraform.io/hashicorp/azurerm\"]",
      "instances": [
        {
          "schema_version": 0,
          "attributes": {
            "allocation_method": "Static",
            "ddos_protection_mode": "VirtualNetworkInherited",
            "ddos_protection_plan_id": null,
            "domain_name_label": null,
            "edge_zone": "",
            "fqdn": null,
            "id": "/subscriptions/f299ed0a-a2b0-431f-9a37-51ddd25931e6/resourceGroups/krreesh-east-us-rg/providers/Microsoft.Network/publicIPAddresses/acceptanceTestPublicIp1",
            "idle_timeout_in_minutes": 4,
            "ip_address": "20.125.137.61",
            "ip_tags": {},
            "ip_version": "IPv4",
            "location": "westus3",
            "name": "acceptanceTestPublicIp1",
            "public_ip_prefix_id": null,
            "resource_group_name": "krreesh-east-us-rg",
            "reverse_fqdn": null,
            "sku": "Basic",
            "sku_tier": "Regional",
            "tags": {},
            "timeouts": null,
            "zones": []
          },
          "sensitive_attributes": [],
          "private": "eyJlMmJmYjczMC1lY2FhLTExZTYtOGY4OC0zNDM2M2JjN2M0YzAiOnsiY3JlYXRlIjoxODAwMDAwMDAwMDAwLCJkZWxldGUiOjE4MDAwMDAwMDAwMDAsInJlYWQiOjMwMDAwMDAwMDAwMCwidXBkYXRlIjoxODAwMDAwMDAwMDAwfX0="
        }
      ]
    },
    {
      "mode": "managed",
      "type": "azurerm_subnet",
      "name": "snet",
      "provider": "provider[\"registry.terraform.io/hashicorp/azurerm\"]",
      "instances": [
        {
          "schema_version": 0,
          "attributes": {
            "address_prefixes": [
              "12.2.1.0/24"
            ],
            "delegation": [],
            "enforce_private_link_endpoint_network_policies": false,
            "enforce_private_link_service_network_policies": false,
            "id": "/subscriptions/f299ed0a-a2b0-431f-9a37-51ddd25931e6/resourceGroups/krreesh-east-us-rg/providers/Microsoft.Network/virtualNetworks/vnet-dev-westus3-001/subnets/subnet-dev-westus3-001",
            "name": "subnet-dev-westus3-001",
            "private_endpoint_network_policies_enabled": true,
            "private_link_service_network_policies_enabled": true,
            "resource_group_name": "krreesh-east-us-rg",
            "service_endpoint_policy_ids": [],
            "service_endpoints": [],
            "timeouts": null,
            "virtual_network_name": "vnet-dev-westus3-001"
          },
          "sensitive_attributes": [],
          "private": "eyJlMmJmYjczMC1lY2FhLTExZTYtOGY4OC0zNDM2M2JjN2M0YzAiOnsiY3JlYXRlIjoxODAwMDAwMDAwMDAwLCJkZWxldGUiOjE4MDAwMDAwMDAwMDAsInJlYWQiOjMwMDAwMDAwMDAwMCwidXBkYXRlIjoxODAwMDAwMDAwMDAwfX0=",
          "dependencies": [
            "azurerm_virtual_network.vnet"
          ]
        }
      ]
    },
    {
      "mode": "managed",
      "type": "azurerm_subnet_network_security_group_association",
      "name": "example",
      "provider": "provider[\"registry.terraform.io/hashicorp/azurerm\"]",
      "instances": [
        {
          "schema_version": 0,
          "attributes": {
            "id": "/subscriptions/f299ed0a-a2b0-431f-9a37-51ddd25931e6/resourceGroups/krreesh-east-us-rg/providers/Microsoft.Network/virtualNetworks/vnet-dev-westus3-001/subnets/subnet-dev-westus3-001",
            "network_security_group_id": "/subscriptions/f299ed0a-a2b0-431f-9a37-51ddd25931e6/resourceGroups/krreesh-east-us-rg/providers/Microsoft.Network/networkSecurityGroups/acceptanceTestSecurityGroup1",
            "subnet_id": "/subscriptions/f299ed0a-a2b0-431f-9a37-51ddd25931e6/resourceGroups/krreesh-east-us-rg/providers/Microsoft.Network/virtualNetworks/vnet-dev-westus3-001/subnets/subnet-dev-westus3-001",
            "timeouts": null
          },
          "sensitive_attributes": [],
          "private": "eyJlMmJmYjczMC1lY2FhLTExZTYtOGY4OC0zNDM2M2JjN2M0YzAiOnsiY3JlYXRlIjoxODAwMDAwMDAwMDAwLCJkZWxldGUiOjE4MDAwMDAwMDAwMDAsInJlYWQiOjMwMDAwMDAwMDAwMCwidXBkYXRlIjoxODAwMDAwMDAwMDAwfX0=",
          "dependencies": [
            "azurerm_network_security_group.nsg",
            "azurerm_subnet.snet"
          ]
        }
      ]
    },
    {
      "mode": "managed",
      "type": "azurerm_virtual_network",
      "name": "vnet",
      "provider": "provider[\"registry.terraform.io/hashicorp/azurerm\"]",
      "instances": [
        {
          "schema_version": 0,
          "attributes": {
            "address_space": [
              "12.2.0.0/20"
            ],
            "bgp_community": "",
            "ddos_protection_plan": [],
            "dns_servers": [],
            "edge_zone": "",
            "flow_timeout_in_minutes": 0,
            "guid": "e58142a5-9b33-432e-b064-b7b5b9503673",
            "id": "/subscriptions/f299ed0a-a2b0-431f-9a37-51ddd25931e6/resourceGroups/krreesh-east-us-rg/providers/Microsoft.Network/virtualNetworks/vnet-dev-westus3-001",
            "location": "westus3",
            "name": "vnet-dev-westus3-001",
            "resource_group_name": "krreesh-east-us-rg",
            "subnet": [
              {
                "address_prefix": "12.2.1.0/24",
                "id": "/subscriptions/f299ed0a-a2b0-431f-9a37-51ddd25931e6/resourceGroups/krreesh-east-us-rg/providers/Microsoft.Network/virtualNetworks/vnet-dev-westus3-001/subnets/subnet-dev-westus3-001",
                "name": "subnet-dev-westus3-001",
                "security_group": ""
              }
            ],
            "tags": {},
            "timeouts": null
          },
          "sensitive_attributes": [],
          "private": "eyJlMmJmYjczMC1lY2FhLTExZTYtOGY4OC0zNDM2M2JjN2M0YzAiOnsiY3JlYXRlIjoxODAwMDAwMDAwMDAwLCJkZWxldGUiOjE4MDAwMDAwMDAwMDAsInJlYWQiOjMwMDAwMDAwMDAwMCwidXBkYXRlIjoxODAwMDAwMDAwMDAwfX0=",
          "create_before_destroy": true
        }
      ]
    }
  ],
  "check_results": null
}
